// !$*UTF8*$!
{
	archiveVersion = 1;
	classes = {
	};
	objectVersion = 56;
	objects = {

/* Begin PBXBuildFile section */
		DE0936212A73B52300FDF0D1 /* MovieInfo.swift in Sources */ = {isa = PBXBuildFile; fileRef = DE0936202A73B52200FDF0D1 /* MovieInfo.swift */; };
		DE0936232A73B54200FDF0D1 /* Movie.swift in Sources */ = {isa = PBXBuildFile; fileRef = DE0936222A73B54200FDF0D1 /* Movie.swift */; };
		DE0936252A73B67C00FDF0D1 /* MoviesOverviewTableViewCTableViewController.swift in Sources */ = {isa = PBXBuildFile; fileRef = DE0936242A73B67C00FDF0D1 /* MoviesOverviewTableViewCTableViewController.swift */; };
		DE0936272A73B6A500FDF0D1 /* MoviesOverviewTableViewCeTableViewCell.swift in Sources */ = {isa = PBXBuildFile; fileRef = DE0936262A73B6A500FDF0D1 /* MoviesOverviewTableViewCeTableViewCell.swift */; };
		DE3AF2CE2A661AB00010A396 /* AppDelegate.swift in Sources */ = {isa = PBXBuildFile; fileRef = DE3AF2CD2A661AB00010A396 /* AppDelegate.swift */; };
		DE3AF2D02A661AB00010A396 /* SceneDelegate.swift in Sources */ = {isa = PBXBuildFile; fileRef = DE3AF2CF2A661AB00010A396 /* SceneDelegate.swift */; };
		DE3AF2D22A661AB00010A396 /* ViewController.swift in Sources */ = {isa = PBXBuildFile; fileRef = DE3AF2D12A661AB00010A396 /* ViewController.swift */; };
		DE3AF2D52A661AB00010A396 /* Main.storyboard in Resources */ = {isa = PBXBuildFile; fileRef = DE3AF2D32A661AB00010A396 /* Main.storyboard */; };
		DE3AF2D72A661AB20010A396 /* Assets.xcassets in Resources */ = {isa = PBXBuildFile; fileRef = DE3AF2D62A661AB20010A396 /* Assets.xcassets */; };
		DE3AF2DA2A661AB20010A396 /* LaunchScreen.storyboard in Resources */ = {isa = PBXBuildFile; fileRef = DE3AF2D82A661AB20010A396 /* LaunchScreen.storyboard */; };
		DE3AF3042A676EA80010A396 /* MovieViewController.swift in Sources */ = {isa = PBXBuildFile; fileRef = DE3AF3032A676EA80010A396 /* MovieViewController.swift */; };
		DE3AF3062A67702D0010A396 /* LoginViewController.swift in Sources */ = {isa = PBXBuildFile; fileRef = DE3AF3052A67702D0010A396 /* LoginViewController.swift */; };
		DE3AF30A2A67A98F0010A396 /* BoardViewController.swift in Sources */ = {isa = PBXBuildFile; fileRef = DE3AF3092A67A98F0010A396 /* BoardViewController.swift */; };
		DE45D57F2A978E6800F44BD1 /* MovieMainViewController.swift in Sources */ = {isa = PBXBuildFile; fileRef = DE45D57E2A978E6800F44BD1 /* MovieMainViewController.swift */; };
		DE45D5822A978F8700F44BD1 /* SnapKit in Frameworks */ = {isa = PBXBuildFile; productRef = DE45D5812A978F8700F44BD1 /* SnapKit */; };
		DE45D5842A97930D00F44BD1 /* TopButtons.swift in Sources */ = {isa = PBXBuildFile; fileRef = DE45D5832A97930D00F44BD1 /* TopButtons.swift */; };
		DE45D58E2A98B6DD00F44BD1 /* ContentButton.swift in Sources */ = {isa = PBXBuildFile; fileRef = DE45D58D2A98B6DD00F44BD1 /* ContentButton.swift */; };
		DE45D5902A9A456900F44BD1 /* CustomStackView.swift in Sources */ = {isa = PBXBuildFile; fileRef = DE45D58F2A9A456900F44BD1 /* CustomStackView.swift */; };
		DE45D5922A9A465800F44BD1 /* CustomImageView.swift in Sources */ = {isa = PBXBuildFile; fileRef = DE45D5912A9A465800F44BD1 /* CustomImageView.swift */; };
		DE45D5942A9A5B5B00F44BD1 /* SignUpViewController.swift in Sources */ = {isa = PBXBuildFile; fileRef = DE45D5932A9A5B5A00F44BD1 /* SignUpViewController.swift */; };
		DE45D5962A9A65B400F44BD1 /* SignupTextField.swift in Sources */ = {isa = PBXBuildFile; fileRef = DE45D5952A9A65B400F44BD1 /* SignupTextField.swift */; };
		DEC1758C2AB07905006C62F9 /* Observable.swift in Sources */ = {isa = PBXBuildFile; fileRef = DEC1758B2AB07905006C62F9 /* Observable.swift */; };
		DEC175912AB07E0D006C62F9 /* SignUpViewModel.swift in Sources */ = {isa = PBXBuildFile; fileRef = DEC175902AB07E0D006C62F9 /* SignUpViewModel.swift */; };
		DEE27CD92A68C45D00FF163F /* KeyboardViewController.swift in Sources */ = {isa = PBXBuildFile; fileRef = DEE27CD82A68C45D00FF163F /* KeyboardViewController.swift */; };
/* End PBXBuildFile section */

/* Begin PBXFileReference section */
		DE0936202A73B52200FDF0D1 /* MovieInfo.swift */ = {isa = PBXFileReference; fileEncoding = 4; lastKnownFileType = sourcecode.swift; path = MovieInfo.swift; sourceTree = "<group>"; };
		DE0936222A73B54200FDF0D1 /* Movie.swift */ = {isa = PBXFileReference; lastKnownFileType = sourcecode.swift; path = Movie.swift; sourceTree = "<group>"; };
		DE0936242A73B67C00FDF0D1 /* MoviesOverviewTableViewCTableViewController.swift */ = {isa = PBXFileReference; lastKnownFileType = sourcecode.swift; path = MoviesOverviewTableViewCTableViewController.swift; sourceTree = "<group>"; };
		DE0936262A73B6A500FDF0D1 /* MoviesOverviewTableViewCeTableViewCell.swift */ = {isa = PBXFileReference; lastKnownFileType = sourcecode.swift; path = MoviesOverviewTableViewCeTableViewCell.swift; sourceTree = "<group>"; };
		DE3AF2CA2A661AB00010A396 /* SeSSAC first.app */ = {isa = PBXFileReference; explicitFileType = wrapper.application; includeInIndex = 0; path = "SeSSAC first.app"; sourceTree = BUILT_PRODUCTS_DIR; };
		DE3AF2CD2A661AB00010A396 /* AppDelegate.swift */ = {isa = PBXFileReference; lastKnownFileType = sourcecode.swift; path = AppDelegate.swift; sourceTree = "<group>"; };
		DE3AF2CF2A661AB00010A396 /* SceneDelegate.swift */ = {isa = PBXFileReference; lastKnownFileType = sourcecode.swift; path = SceneDelegate.swift; sourceTree = "<group>"; };
		DE3AF2D12A661AB00010A396 /* ViewController.swift */ = {isa = PBXFileReference; lastKnownFileType = sourcecode.swift; path = ViewController.swift; sourceTree = "<group>"; };
		DE3AF2D42A661AB00010A396 /* Base */ = {isa = PBXFileReference; lastKnownFileType = file.storyboard; name = Base; path = Base.lproj/Main.storyboard; sourceTree = "<group>"; };
		DE3AF2D62A661AB20010A396 /* Assets.xcassets */ = {isa = PBXFileReference; lastKnownFileType = folder.assetcatalog; path = Assets.xcassets; sourceTree = "<group>"; };
		DE3AF2D92A661AB20010A396 /* Base */ = {isa = PBXFileReference; lastKnownFileType = file.storyboard; name = Base; path = Base.lproj/LaunchScreen.storyboard; sourceTree = "<group>"; };
		DE3AF2DB2A661AB20010A396 /* Info.plist */ = {isa = PBXFileReference; lastKnownFileType = text.plist.xml; path = Info.plist; sourceTree = "<group>"; };
		DE3AF3032A676EA80010A396 /* MovieViewController.swift */ = {isa = PBXFileReference; lastKnownFileType = sourcecode.swift; path = MovieViewController.swift; sourceTree = "<group>"; };
		DE3AF3052A67702D0010A396 /* LoginViewController.swift */ = {isa = PBXFileReference; lastKnownFileType = sourcecode.swift; path = LoginViewController.swift; sourceTree = "<group>"; };
		DE3AF3092A67A98F0010A396 /* BoardViewController.swift */ = {isa = PBXFileReference; lastKnownFileType = sourcecode.swift; path = BoardViewController.swift; sourceTree = "<group>"; };
		DE45D57E2A978E6800F44BD1 /* MovieMainViewController.swift */ = {isa = PBXFileReference; lastKnownFileType = sourcecode.swift; path = MovieMainViewController.swift; sourceTree = "<group>"; };
		DE45D5832A97930D00F44BD1 /* TopButtons.swift */ = {isa = PBXFileReference; lastKnownFileType = sourcecode.swift; path = TopButtons.swift; sourceTree = "<group>"; };
		DE45D58D2A98B6DD00F44BD1 /* ContentButton.swift */ = {isa = PBXFileReference; lastKnownFileType = sourcecode.swift; path = ContentButton.swift; sourceTree = "<group>"; };
		DE45D58F2A9A456900F44BD1 /* CustomStackView.swift */ = {isa = PBXFileReference; lastKnownFileType = sourcecode.swift; path = CustomStackView.swift; sourceTree = "<group>"; };
		DE45D5912A9A465800F44BD1 /* CustomImageView.swift */ = {isa = PBXFileReference; lastKnownFileType = sourcecode.swift; path = CustomImageView.swift; sourceTree = "<group>"; };
		DE45D5932A9A5B5A00F44BD1 /* SignUpViewController.swift */ = {isa = PBXFileReference; lastKnownFileType = sourcecode.swift; path = SignUpViewController.swift; sourceTree = "<group>"; };
		DE45D5952A9A65B400F44BD1 /* SignupTextField.swift */ = {isa = PBXFileReference; lastKnownFileType = sourcecode.swift; path = SignupTextField.swift; sourceTree = "<group>"; };
		DEC1758B2AB07905006C62F9 /* Observable.swift */ = {isa = PBXFileReference; lastKnownFileType = sourcecode.swift; path = Observable.swift; sourceTree = "<group>"; };
		DEC175902AB07E0D006C62F9 /* SignUpViewModel.swift */ = {isa = PBXFileReference; lastKnownFileType = sourcecode.swift; path = SignUpViewModel.swift; sourceTree = "<group>"; };
		DEE27CD82A68C45D00FF163F /* KeyboardViewController.swift */ = {isa = PBXFileReference; lastKnownFileType = sourcecode.swift; path = KeyboardViewController.swift; sourceTree = "<group>"; };
/* End PBXFileReference section */

/* Begin PBXFrameworksBuildPhase section */
		DE3AF2C72A661AB00010A396 /* Frameworks */ = {
			isa = PBXFrameworksBuildPhase;
			buildActionMask = 2147483647;
			files = (
				DE45D5822A978F8700F44BD1 /* SnapKit in Frameworks */,
			);
			runOnlyForDeploymentPostprocessing = 0;
		};
/* End PBXFrameworksBuildPhase section */

/* Begin PBXGroup section */
		DE09361D2A73B44700FDF0D1 /* Data */ = {
			isa = PBXGroup;
			children = (
				DE0936202A73B52200FDF0D1 /* MovieInfo.swift */,
				DE0936222A73B54200FDF0D1 /* Movie.swift */,
			);
			path = Data;
			sourceTree = "<group>";
		};
		DE3AF2C12A661AB00010A396 = {
			isa = PBXGroup;
			children = (
				DE3AF2CC2A661AB00010A396 /* SeSSAC first */,
				DE3AF2CB2A661AB00010A396 /* Products */,
			);
			sourceTree = "<group>";
		};
		DE3AF2CB2A661AB00010A396 /* Products */ = {
			isa = PBXGroup;
			children = (
				DE3AF2CA2A661AB00010A396 /* SeSSAC first.app */,
			);
			name = Products;
			sourceTree = "<group>";
		};
		DE3AF2CC2A661AB00010A396 /* SeSSAC first */ = {
			isa = PBXGroup;
			children = (
				DEC1758D2AB07BC9006C62F9 /* Observable */,
				DE45D57D2A978E1A00F44BD1 /* CodeBaseUI */,
				DE09361D2A73B44700FDF0D1 /* Data */,
				DE3AF2CD2A661AB00010A396 /* AppDelegate.swift */,
				DE3AF2CF2A661AB00010A396 /* SceneDelegate.swift */,
				DE3AF2D12A661AB00010A396 /* ViewController.swift */,
				DE3AF3032A676EA80010A396 /* MovieViewController.swift */,
				DE3AF3052A67702D0010A396 /* LoginViewController.swift */,
				DE3AF3092A67A98F0010A396 /* BoardViewController.swift */,
				DEE27CD82A68C45D00FF163F /* KeyboardViewController.swift */,
				DE3AF2D32A661AB00010A396 /* Main.storyboard */,
				DE0936242A73B67C00FDF0D1 /* MoviesOverviewTableViewCTableViewController.swift */,
				DE0936262A73B6A500FDF0D1 /* MoviesOverviewTableViewCeTableViewCell.swift */,
				DE3AF2D62A661AB20010A396 /* Assets.xcassets */,
				DE3AF2D82A661AB20010A396 /* LaunchScreen.storyboard */,
				DE3AF2DB2A661AB20010A396 /* Info.plist */,
			);
			path = "SeSSAC first";
			sourceTree = "<group>";
		};
		DE45D57D2A978E1A00F44BD1 /* CodeBaseUI */ = {
			isa = PBXGroup;
			children = (
				DE45D5852A97931200F44BD1 /* CustomClass */,
				DE45D57E2A978E6800F44BD1 /* MovieMainViewController.swift */,
				DE45D5932A9A5B5A00F44BD1 /* SignUpViewController.swift */,
			);
			path = CodeBaseUI;
			sourceTree = "<group>";
		};
		DE45D5852A97931200F44BD1 /* CustomClass */ = {
			isa = PBXGroup;
			children = (
				DE45D58D2A98B6DD00F44BD1 /* ContentButton.swift */,
				DE45D5832A97930D00F44BD1 /* TopButtons.swift */,
				DE45D58F2A9A456900F44BD1 /* CustomStackView.swift */,
				DE45D5912A9A465800F44BD1 /* CustomImageView.swift */,
				DE45D5952A9A65B400F44BD1 /* SignupTextField.swift */,
			);
			path = CustomClass;
			sourceTree = "<group>";
		};
		DEC1758D2AB07BC9006C62F9 /* Observable */ = {
			isa = PBXGroup;
			children = (
				DEC1758B2AB07905006C62F9 /* Observable.swift */,
				DEC175902AB07E0D006C62F9 /* SignUpViewModel.swift */,
			);
			path = Observable;
			sourceTree = "<group>";
		};
/* End PBXGroup section */

/* Begin PBXNativeTarget section */
		DE3AF2C92A661AB00010A396 /* SeSSAC first */ = {
			isa = PBXNativeTarget;
			buildConfigurationList = DE3AF2DE2A661AB20010A396 /* Build configuration list for PBXNativeTarget "SeSSAC first" */;
			buildPhases = (
				DE3AF2C62A661AB00010A396 /* Sources */,
				DE3AF2C72A661AB00010A396 /* Frameworks */,
				DE3AF2C82A661AB00010A396 /* Resources */,
			);
			buildRules = (
			);
			dependencies = (
			);
			name = "SeSSAC first";
			packageProductDependencies = (
				DE45D5812A978F8700F44BD1 /* SnapKit */,
			);
			productName = "SeSSAC first";
			productReference = DE3AF2CA2A661AB00010A396 /* SeSSAC first.app */;
			productType = "com.apple.product-type.application";
		};
/* End PBXNativeTarget section */

/* Begin PBXProject section */
		DE3AF2C22A661AB00010A396 /* Project object */ = {
			isa = PBXProject;
			attributes = {
				BuildIndependentTargetsInParallel = 1;
				LastSwiftUpdateCheck = 1430;
				LastUpgradeCheck = 1430;
				TargetAttributes = {
					DE3AF2C92A661AB00010A396 = {
						CreatedOnToolsVersion = 14.3.1;
					};
				};
			};
			buildConfigurationList = DE3AF2C52A661AB00010A396 /* Build configuration list for PBXProject "SeSSAC first" */;
			compatibilityVersion = "Xcode 14.0";
			developmentRegion = en;
			hasScannedForEncodings = 0;
			knownRegions = (
				en,
				Base,
			);
			mainGroup = DE3AF2C12A661AB00010A396;
			packageReferences = (
				DE45D5802A978F8700F44BD1 /* XCRemoteSwiftPackageReference "SnapKit" */,
			);
			productRefGroup = DE3AF2CB2A661AB00010A396 /* Products */;
			projectDirPath = "";
			projectRoot = "";
			targets = (
				DE3AF2C92A661AB00010A396 /* SeSSAC first */,
			);
		};
/* End PBXProject section */

/* Begin PBXResourcesBuildPhase section */
		DE3AF2C82A661AB00010A396 /* Resources */ = {
			isa = PBXResourcesBuildPhase;
			buildActionMask = 2147483647;
			files = (
				DE3AF2DA2A661AB20010A396 /* LaunchScreen.storyboard in Resources */,
				DE3AF2D72A661AB20010A396 /* Assets.xcassets in Resources */,
				DE3AF2D52A661AB00010A396 /* Main.storyboard in Resources */,
			);
			runOnlyForDeploymentPostprocessing = 0;
		};
/* End PBXResourcesBuildPhase section */

/* Begin PBXSourcesBuildPhase section */
		DE3AF2C62A661AB00010A396 /* Sources */ = {
			isa = PBXSourcesBuildPhase;
			buildActionMask = 2147483647;
			files = (
				DEC1758C2AB07905006C62F9 /* Observable.swift in Sources */,
				DE45D5902A9A456900F44BD1 /* CustomStackView.swift in Sources */,
				DEC175912AB07E0D006C62F9 /* SignUpViewModel.swift in Sources */,
				DE3AF2D22A661AB00010A396 /* ViewController.swift in Sources */,
				DE3AF2CE2A661AB00010A396 /* AppDelegate.swift in Sources */,
				DE45D5842A97930D00F44BD1 /* TopButtons.swift in Sources */,
				DE0936232A73B54200FDF0D1 /* Movie.swift in Sources */,
				DE45D5942A9A5B5B00F44BD1 /* SignUpViewController.swift in Sources */,
				DE3AF2D02A661AB00010A396 /* SceneDelegate.swift in Sources */,
				DE45D58E2A98B6DD00F44BD1 /* ContentButton.swift in Sources */,
				DE45D57F2A978E6800F44BD1 /* MovieMainViewController.swift in Sources */,
				DE3AF3062A67702D0010A396 /* LoginViewController.swift in Sources */,
				DE45D5922A9A465800F44BD1 /* CustomImageView.swift in Sources */,
				DE45D5962A9A65B400F44BD1 /* SignupTextField.swift in Sources */,
				DEE27CD92A68C45D00FF163F /* KeyboardViewController.swift in Sources */,
				DE3AF3042A676EA80010A396 /* MovieViewController.swift in Sources */,
				DE0936272A73B6A500FDF0D1 /* MoviesOverviewTableViewCeTableViewCell.swift in Sources */,
				DE0936212A73B52300FDF0D1 /* MovieInfo.swift in Sources */,
				DE3AF30A2A67A98F0010A396 /* BoardViewController.swift in Sources */,
				DE0936252A73B67C00FDF0D1 /* MoviesOverviewTableViewCTableViewController.swift in Sources */,
			);
			runOnlyForDeploymentPostprocessing = 0;
		};
/* End PBXSourcesBuildPhase section */

/* Begin PBXVariantGroup section */
		DE3AF2D32A661AB00010A396 /* Main.storyboard */ = {
			isa = PBXVariantGroup;
			children = (
				DE3AF2D42A661AB00010A396 /* Base */,
			);
			name = Main.storyboard;
			sourceTree = "<group>";
		};
		DE3AF2D82A661AB20010A396 /* LaunchScreen.storyboard */ = {
			isa = PBXVariantGroup;
			children = (
				DE3AF2D92A661AB20010A396 /* Base */,
			);
			name = LaunchScreen.storyboard;
			sourceTree = "<group>";
		};
/* End PBXVariantGroup section */

/* Begin XCBuildConfiguration section */
		DE3AF2DC2A661AB20010A396 /* Debug */ = {
			isa = XCBuildConfiguration;
			buildSettings = {
				ALWAYS_SEARCH_USER_PATHS = NO;
				CLANG_ANALYZER_NONNULL = YES;
				CLANG_ANALYZER_NUMBER_OBJECT_CONVERSION = YES_AGGRESSIVE;
				CLANG_CXX_LANGUAGE_STANDARD = "gnu++20";
				CLANG_ENABLE_MODULES = YES;
				CLANG_ENABLE_OBJC_ARC = YES;
				CLANG_ENABLE_OBJC_WEAK = YES;
				CLANG_WARN_BLOCK_CAPTURE_AUTORELEASING = YES;
				CLANG_WARN_BOOL_CONVERSION = YES;
				CLANG_WARN_COMMA = YES;
				CLANG_WARN_CONSTANT_CONVERSION = YES;
				CLANG_WARN_DEPRECATED_OBJC_IMPLEMENTATIONS = YES;
				CLANG_WARN_DIRECT_OBJC_ISA_USAGE = YES_ERROR;
				CLANG_WARN_DOCUMENTATION_COMMENTS = YES;
				CLANG_WARN_EMPTY_BODY = YES;
				CLANG_WARN_ENUM_CONVERSION = YES;
				CLANG_WARN_INFINITE_RECURSION = YES;
				CLANG_WARN_INT_CONVERSION = YES;
				CLANG_WARN_NON_LITERAL_NULL_CONVERSION = YES;
				CLANG_WARN_OBJC_IMPLICIT_RETAIN_SELF = YES;
				CLANG_WARN_OBJC_LITERAL_CONVERSION = YES;
				CLANG_WARN_OBJC_ROOT_CLASS = YES_ERROR;
				CLANG_WARN_QUOTED_INCLUDE_IN_FRAMEWORK_HEADER = YES;
				CLANG_WARN_RANGE_LOOP_ANALYSIS = YES;
				CLANG_WARN_STRICT_PROTOTYPES = YES;
				CLANG_WARN_SUSPICIOUS_MOVE = YES;
				CLANG_WARN_UNGUARDED_AVAILABILITY = YES_AGGRESSIVE;
				CLANG_WARN_UNREACHABLE_CODE = YES;
				CLANG_WARN__DUPLICATE_METHOD_MATCH = YES;
				COPY_PHASE_STRIP = NO;
				DEBUG_INFORMATION_FORMAT = dwarf;
				ENABLE_STRICT_OBJC_MSGSEND = YES;
				ENABLE_TESTABILITY = YES;
				GCC_C_LANGUAGE_STANDARD = gnu11;
				GCC_DYNAMIC_NO_PIC = NO;
				GCC_NO_COMMON_BLOCKS = YES;
				GCC_OPTIMIZATION_LEVEL = 0;
				GCC_PREPROCESSOR_DEFINITIONS = (
					"DEBUG=1",
					"$(inherited)",
				);
				GCC_WARN_64_TO_32_BIT_CONVERSION = YES;
				GCC_WARN_ABOUT_RETURN_TYPE = YES_ERROR;
				GCC_WARN_UNDECLARED_SELECTOR = YES;
				GCC_WARN_UNINITIALIZED_AUTOS = YES_AGGRESSIVE;
				GCC_WARN_UNUSED_FUNCTION = YES;
				GCC_WARN_UNUSED_VARIABLE = YES;
				IPHONEOS_DEPLOYMENT_TARGET = 16.4;
				MTL_ENABLE_DEBUG_INFO = INCLUDE_SOURCE;
				MTL_FAST_MATH = YES;
				ONLY_ACTIVE_ARCH = YES;
				SDKROOT = iphoneos;
				SWIFT_ACTIVE_COMPILATION_CONDITIONS = DEBUG;
				SWIFT_OPTIMIZATION_LEVEL = "-Onone";
			};
			name = Debug;
		};
		DE3AF2DD2A661AB20010A396 /* Release */ = {
			isa = XCBuildConfiguration;
			buildSettings = {
				ALWAYS_SEARCH_USER_PATHS = NO;
				CLANG_ANALYZER_NONNULL = YES;
				CLANG_ANALYZER_NUMBER_OBJECT_CONVERSION = YES_AGGRESSIVE;
				CLANG_CXX_LANGUAGE_STANDARD = "gnu++20";
				CLANG_ENABLE_MODULES = YES;
				CLANG_ENABLE_OBJC_ARC = YES;
				CLANG_ENABLE_OBJC_WEAK = YES;
				CLANG_WARN_BLOCK_CAPTURE_AUTORELEASING = YES;
				CLANG_WARN_BOOL_CONVERSION = YES;
				CLANG_WARN_COMMA = YES;
				CLANG_WARN_CONSTANT_CONVERSION = YES;
				CLANG_WARN_DEPRECATED_OBJC_IMPLEMENTATIONS = YES;
				CLANG_WARN_DIRECT_OBJC_ISA_USAGE = YES_ERROR;
				CLANG_WARN_DOCUMENTATION_COMMENTS = YES;
				CLANG_WARN_EMPTY_BODY = YES;
				CLANG_WARN_ENUM_CONVERSION = YES;
				CLANG_WARN_INFINITE_RECURSION = YES;
				CLANG_WARN_INT_CONVERSION = YES;
				CLANG_WARN_NON_LITERAL_NULL_CONVERSION = YES;
				CLANG_WARN_OBJC_IMPLICIT_RETAIN_SELF = YES;
				CLANG_WARN_OBJC_LITERAL_CONVERSION = YES;
				CLANG_WARN_OBJC_ROOT_CLASS = YES_ERROR;
				CLANG_WARN_QUOTED_INCLUDE_IN_FRAMEWORK_HEADER = YES;
				CLANG_WARN_RANGE_LOOP_ANALYSIS = YES;
				CLANG_WARN_STRICT_PROTOTYPES = YES;
				CLANG_WARN_SUSPICIOUS_MOVE = YES;
				CLANG_WARN_UNGUARDED_AVAILABILITY = YES_AGGRESSIVE;
				CLANG_WARN_UNREACHABLE_CODE = YES;
				CLANG_WARN__DUPLICATE_METHOD_MATCH = YES;
				COPY_PHASE_STRIP = NO;
				DEBUG_INFORMATION_FORMAT = "dwarf-with-dsym";
				ENABLE_NS_ASSERTIONS = NO;
				ENABLE_STRICT_OBJC_MSGSEND = YES;
				GCC_C_LANGUAGE_STANDARD = gnu11;
				GCC_NO_COMMON_BLOCKS = YES;
				GCC_WARN_64_TO_32_BIT_CONVERSION = YES;
				GCC_WARN_ABOUT_RETURN_TYPE = YES_ERROR;
				GCC_WARN_UNDECLARED_SELECTOR = YES;
				GCC_WARN_UNINITIALIZED_AUTOS = YES_AGGRESSIVE;
				GCC_WARN_UNUSED_FUNCTION = YES;
				GCC_WARN_UNUSED_VARIABLE = YES;
				IPHONEOS_DEPLOYMENT_TARGET = 16.4;
				MTL_ENABLE_DEBUG_INFO = NO;
				MTL_FAST_MATH = YES;
				SDKROOT = iphoneos;
				SWIFT_COMPILATION_MODE = wholemodule;
				SWIFT_OPTIMIZATION_LEVEL = "-O";
				VALIDATE_PRODUCT = YES;
			};
			name = Release;
		};
		DE3AF2DF2A661AB20010A396 /* Debug */ = {
			isa = XCBuildConfiguration;
			buildSettings = {
				ASSETCATALOG_COMPILER_APPICON_NAME = AppIcon;
				ASSETCATALOG_COMPILER_GLOBAL_ACCENT_COLOR_NAME = AccentColor;
				CODE_SIGN_STYLE = Automatic;
				CURRENT_PROJECT_VERSION = 1;
				DEVELOPMENT_TEAM = AYG8MBJF93;
				GENERATE_INFOPLIST_FILE = YES;
				INFOPLIST_FILE = "SeSSAC first/Info.plist";
				INFOPLIST_KEY_UIApplicationSupportsIndirectInputEvents = YES;
				INFOPLIST_KEY_UILaunchStoryboardName = LaunchScreen;
				INFOPLIST_KEY_UIMainStoryboardFile = Main;
				INFOPLIST_KEY_UISupportedInterfaceOrientations_iPad = "UIInterfaceOrientationPortrait UIInterfaceOrientationPortraitUpsideDown UIInterfaceOrientationLandscapeLeft UIInterfaceOrientationLandscapeRight";
				INFOPLIST_KEY_UISupportedInterfaceOrientations_iPhone = "UIInterfaceOrientationPortrait UIInterfaceOrientationLandscapeLeft UIInterfaceOrientationLandscapeRight";
				IPHONEOS_DEPLOYMENT_TARGET = 16.0;
				LD_RUNPATH_SEARCH_PATHS = (
					"$(inherited)",
					"@executable_path/Frameworks",
				);
				MARKETING_VERSION = 1.0;
				PRODUCT_BUNDLE_IDENTIFIER = "ILWAT-com.github.SeSSAC-first";
				PRODUCT_NAME = "$(TARGET_NAME)";
				SUPPORTED_PLATFORMS = "iphoneos iphonesimulator";
				SUPPORTS_MACCATALYST = NO;
				SUPPORTS_MAC_DESIGNED_FOR_IPHONE_IPAD = NO;
				SWIFT_EMIT_LOC_STRINGS = YES;
				SWIFT_VERSION = 5.0;
				TARGETED_DEVICE_FAMILY = 1;
			};
			name = Debug;
		};
		DE3AF2E02A661AB20010A396 /* Release */ = {
			isa = XCBuildConfiguration;
			buildSettings = {
				ASSETCATALOG_COMPILER_APPICON_NAME = AppIcon;
				ASSETCATALOG_COMPILER_GLOBAL_ACCENT_COLOR_NAME = AccentColor;
				CODE_SIGN_STYLE = Automatic;
				CURRENT_PROJECT_VERSION = 1;
				DEVELOPMENT_TEAM = AYG8MBJF93;
				GENERATE_INFOPLIST_FILE = YES;
				INFOPLIST_FILE = "SeSSAC first/Info.plist";
				INFOPLIST_KEY_UIApplicationSupportsIndirectInputEvents = YES;
				INFOPLIST_KEY_UILaunchStoryboardName = LaunchScreen;
				INFOPLIST_KEY_UIMainStoryboardFile = Main;
				INFOPLIST_KEY_UISupportedInterfaceOrientations_iPad = "UIInterfaceOrientationPortrait UIInterfaceOrientationPortraitUpsideDown UIInterfaceOrientationLandscapeLeft UIInterfaceOrientationLandscapeRight";
				INFOPLIST_KEY_UISupportedInterfaceOrientations_iPhone = "UIInterfaceOrientationPortrait UIInterfaceOrientationLandscapeLeft UIInterfaceOrientationLandscapeRight";
				IPHONEOS_DEPLOYMENT_TARGET = 16.0;
				LD_RUNPATH_SEARCH_PATHS = (
					"$(inherited)",
					"@executable_path/Frameworks",
				);
				MARKETING_VERSION = 1.0;
				PRODUCT_BUNDLE_IDENTIFIER = "ILWAT-com.github.SeSSAC-first";
				PRODUCT_NAME = "$(TARGET_NAME)";
				SUPPORTED_PLATFORMS = "iphoneos iphonesimulator";
				SUPPORTS_MACCATALYST = NO;
				SUPPORTS_MAC_DESIGNED_FOR_IPHONE_IPAD = NO;
				SWIFT_EMIT_LOC_STRINGS = YES;
				SWIFT_VERSION = 5.0;
				TARGETED_DEVICE_FAMILY = 1;
			};
			name = Release;
		};
/* End XCBuildConfiguration section */

/* Begin XCConfigurationList section */
		DE3AF2C52A661AB00010A396 /* Build configuration list for PBXProject "SeSSAC first" */ = {
			isa = XCConfigurationList;
			buildConfigurations = (
				DE3AF2DC2A661AB20010A396 /* Debug */,
				DE3AF2DD2A661AB20010A396 /* Release */,
			);
			defaultConfigurationIsVisible = 0;
			defaultConfigurationName = Release;
		};
		DE3AF2DE2A661AB20010A396 /* Build configuration list for PBXNativeTarget "SeSSAC first" */ = {
			isa = XCConfigurationList;
			buildConfigurations = (
				DE3AF2DF2A661AB20010A396 /* Debug */,
				DE3AF2E02A661AB20010A396 /* Release */,
			);
			defaultConfigurationIsVisible = 0;
			defaultConfigurationName = Release;
		};
/* End XCConfigurationList section */

/* Begin XCRemoteSwiftPackageReference section */
		DE45D5802A978F8700F44BD1 /* XCRemoteSwiftPackageReference "SnapKit" */ = {
			isa = XCRemoteSwiftPackageReference;
			repositoryURL = "https://github.com/SnapKit/SnapKit.git";
			requirement = {
				kind = upToNextMinorVersion;
				minimumVersion = 5.6.0;
			};
		};
/* End XCRemoteSwiftPackageReference section */

/* Begin XCSwiftPackageProductDependency section */
		DE45D5812A978F8700F44BD1 /* SnapKit */ = {
			isa = XCSwiftPackageProductDependency;
			package = DE45D5802A978F8700F44BD1 /* XCRemoteSwiftPackageReference "SnapKit" */;
			productName = SnapKit;
		};
/* End XCSwiftPackageProductDependency section */
	};
	rootObject = DE3AF2C22A661AB00010A396 /* Project object */;
}
